
Microsoft Visual Studio Solution File, Format Version 12.00
# Visual Studio Version 16
VisualStudioVersion = 16.0.31727.386
MinimumVisualStudioVersion = 10.0.40219.1
Project("{8BC9CEB8-8B4A-11D0-8D11-00A0C91BC942}") = "Kalkulačka", "Kalkulačka.vcxproj", "{5765611E-CC82-4D26-A57C-F6DFF63022F7}"
EndProject
Global
	GlobalSection(SolutionConfigurationPlatforms) = preSolution
		Debug|x64 = Debug|x64
		Debug|x86 = Debug|x86
		Release|x64 = Release|x64
		Release|x86 = Release|x86
	EndGlobalSection
	GlobalSection(ProjectConfigurationPlatforms) = postSolution
		{5765611E-CC82-4D26-A57C-F6DFF63022F7}.Debug|x64.ActiveCfg = Debug|x64
		{5765611E-CC82-4D26-A57C-F6DFF63022F7}.Debug|x64.Build.0 = Debug|x64
		{5765611E-CC82-4D26-A57C-F6DFF63022F7}.Debug|x86.ActiveCfg = Debug|Win32
		{5765611E-CC82-4D26-A57C-F6DFF63022F7}.Debug|x86.Build.0 = Debug|Win32
		{5765611E-CC82-4D26-A57C-F6DFF63022F7}.Release|x64.ActiveCfg = Release|x64
		{5765611E-CC82-4D26-A57C-F6DFF63022F7}.Release|x64.Build.0 = Release|x64
		{5765611E-CC82-4D26-A57C-F6DFF63022F7}.Release|x86.ActiveCfg = Release|Win32
		{5765611E-CC82-4D26-A57C-F6DFF63022F7}.Release|x86.Build.0 = Release|Win32
	EndGlobalSection
	GlobalSection(SolutionProperties) = preSolution
		HideSolutionNode = FALSE
	EndGlobalSection
	GlobalSection(ExtensibilityGlobals) = postSolution
		SolutionGuid = {AC246927-F696-47BB-980F-4F639A4A53CE}
	EndGlobalSection
EndGlobal
